
Microsoft Visual Studio Solution File, Format Version 12.00
# Visual Studio 14
VisualStudioVersion = 14.0.23107.0
MinimumVisualStudioVersion = 10.0.40219.1
Project("{FAE04EC0-301F-11D3-BF4B-00C04F79EFBC}") = "Croft.Core.Samples", "Croft.Core.Samples\Croft.Core.Samples.csproj", "{903A07DF-091F-4E1F-94B1-EEA60261057B}"
EndProject
Project("{FAE04EC0-301F-11D3-BF4B-00C04F79EFBC}") = "Croft.Core.UWP", "Croft.Core.UWP\Croft.Core.UWP.csproj", "{9EBF54FD-4EBF-4F49-96A6-69279A2D8DDF}"
EndProject
Project("{FAE04EC0-301F-11D3-BF4B-00C04F79EFBC}") = "Croft.Core.Common", "Croft.Core.Common\Croft.Core.Common.csproj", "{E92F28CC-FA17-4794-AD4C-D4FCF0B27D16}"
EndProject
Project("{2150E333-8FDC-42A3-9474-1A3956D46DE8}") = "Solution Items", "Solution Items", "{70B75057-B250-478E-8952-9F55E8EB9732}"
	ProjectSection(SolutionItems) = preProject
		..\README.md = ..\README.md
	EndProjectSection
EndProject
Global
	GlobalSection(SolutionConfigurationPlatforms) = preSolution
		Debug|Any CPU = Debug|Any CPU
		Debug|ARM = Debug|ARM
		Debug|x64 = Debug|x64
		Debug|x86 = Debug|x86
		Release|Any CPU = Release|Any CPU
		Release|ARM = Release|ARM
		Release|x64 = Release|x64
		Release|x86 = Release|x86
	EndGlobalSection
	GlobalSection(ProjectConfigurationPlatforms) = postSolution
		{903A07DF-091F-4E1F-94B1-EEA60261057B}.Debug|Any CPU.ActiveCfg = Debug|x86
		{903A07DF-091F-4E1F-94B1-EEA60261057B}.Debug|ARM.ActiveCfg = Debug|ARM
		{903A07DF-091F-4E1F-94B1-EEA60261057B}.Debug|ARM.Build.0 = Debug|ARM
		{903A07DF-091F-4E1F-94B1-EEA60261057B}.Debug|ARM.Deploy.0 = Debug|ARM
		{903A07DF-091F-4E1F-94B1-EEA60261057B}.Debug|x64.ActiveCfg = Debug|x64
		{903A07DF-091F-4E1F-94B1-EEA60261057B}.Debug|x64.Build.0 = Debug|x64
		{903A07DF-091F-4E1F-94B1-EEA60261057B}.Debug|x64.Deploy.0 = Debug|x64
		{903A07DF-091F-4E1F-94B1-EEA60261057B}.Debug|x86.ActiveCfg = Debug|x86
		{903A07DF-091F-4E1F-94B1-EEA60261057B}.Debug|x86.Build.0 = Debug|x86
		{903A07DF-091F-4E1F-94B1-EEA60261057B}.Debug|x86.Deploy.0 = Debug|x86
		{903A07DF-091F-4E1F-94B1-EEA60261057B}.Release|Any CPU.ActiveCfg = Release|x86
		{903A07DF-091F-4E1F-94B1-EEA60261057B}.Release|ARM.ActiveCfg = Release|ARM
		{903A07DF-091F-4E1F-94B1-EEA60261057B}.Release|ARM.Build.0 = Release|ARM
		{903A07DF-091F-4E1F-94B1-EEA60261057B}.Release|ARM.Deploy.0 = Release|ARM
		{903A07DF-091F-4E1F-94B1-EEA60261057B}.Release|x64.ActiveCfg = Release|x64
		{903A07DF-091F-4E1F-94B1-EEA60261057B}.Release|x64.Build.0 = Release|x64
		{903A07DF-091F-4E1F-94B1-EEA60261057B}.Release|x64.Deploy.0 = Release|x64
		{903A07DF-091F-4E1F-94B1-EEA60261057B}.Release|x86.ActiveCfg = Release|x86
		{903A07DF-091F-4E1F-94B1-EEA60261057B}.Release|x86.Build.0 = Release|x86
		{903A07DF-091F-4E1F-94B1-EEA60261057B}.Release|x86.Deploy.0 = Release|x86
		{9EBF54FD-4EBF-4F49-96A6-69279A2D8DDF}.Debug|Any CPU.ActiveCfg = Debug|Any CPU
		{9EBF54FD-4EBF-4F49-96A6-69279A2D8DDF}.Debug|Any CPU.Build.0 = Debug|Any CPU
		{9EBF54FD-4EBF-4F49-96A6-69279A2D8DDF}.Debug|ARM.ActiveCfg = Debug|ARM
		{9EBF54FD-4EBF-4F49-96A6-69279A2D8DDF}.Debug|ARM.Build.0 = Debug|ARM
		{9EBF54FD-4EBF-4F49-96A6-69279A2D8DDF}.Debug|x64.ActiveCfg = Debug|x64
		{9EBF54FD-4EBF-4F49-96A6-69279A2D8DDF}.Debug|x64.Build.0 = Debug|x64
		{9EBF54FD-4EBF-4F49-96A6-69279A2D8DDF}.Debug|x86.ActiveCfg = Debug|x86
		{9EBF54FD-4EBF-4F49-96A6-69279A2D8DDF}.Debug|x86.Build.0 = Debug|x86
		{9EBF54FD-4EBF-4F49-96A6-69279A2D8DDF}.Release|Any CPU.ActiveCfg = Release|Any CPU
		{9EBF54FD-4EBF-4F49-96A6-69279A2D8DDF}.Release|Any CPU.Build.0 = Release|Any CPU
		{9EBF54FD-4EBF-4F49-96A6-69279A2D8DDF}.Release|ARM.ActiveCfg = Release|ARM
		{9EBF54FD-4EBF-4F49-96A6-69279A2D8DDF}.Release|ARM.Build.0 = Release|ARM
		{9EBF54FD-4EBF-4F49-96A6-69279A2D8DDF}.Release|x64.ActiveCfg = Release|x64
		{9EBF54FD-4EBF-4F49-96A6-69279A2D8DDF}.Release|x64.Build.0 = Release|x64
		{9EBF54FD-4EBF-4F49-96A6-69279A2D8DDF}.Release|x86.ActiveCfg = Release|x86
		{9EBF54FD-4EBF-4F49-96A6-69279A2D8DDF}.Release|x86.Build.0 = Release|x86
		{E92F28CC-FA17-4794-AD4C-D4FCF0B27D16}.Debug|Any CPU.ActiveCfg = Debug|Any CPU
		{E92F28CC-FA17-4794-AD4C-D4FCF0B27D16}.Debug|Any CPU.Build.0 = Debug|Any CPU
		{E92F28CC-FA17-4794-AD4C-D4FCF0B27D16}.Debug|ARM.ActiveCfg = Debug|Any CPU
		{E92F28CC-FA17-4794-AD4C-D4FCF0B27D16}.Debug|ARM.Build.0 = Debug|Any CPU
		{E92F28CC-FA17-4794-AD4C-D4FCF0B27D16}.Debug|x64.ActiveCfg = Debug|Any CPU
		{E92F28CC-FA17-4794-AD4C-D4FCF0B27D16}.Debug|x64.Build.0 = Debug|Any CPU
		{E92F28CC-FA17-4794-AD4C-D4FCF0B27D16}.Debug|x86.ActiveCfg = Debug|Any CPU
		{E92F28CC-FA17-4794-AD4C-D4FCF0B27D16}.Debug|x86.Build.0 = Debug|Any CPU
		{E92F28CC-FA17-4794-AD4C-D4FCF0B27D16}.Release|Any CPU.ActiveCfg = Release|Any CPU
		{E92F28CC-FA17-4794-AD4C-D4FCF0B27D16}.Release|Any CPU.Build.0 = Release|Any CPU
		{E92F28CC-FA17-4794-AD4C-D4FCF0B27D16}.Release|ARM.ActiveCfg = Release|Any CPU
		{E92F28CC-FA17-4794-AD4C-D4FCF0B27D16}.Release|ARM.Build.0 = Release|Any CPU
		{E92F28CC-FA17-4794-AD4C-D4FCF0B27D16}.Release|x64.ActiveCfg = Release|Any CPU
		{E92F28CC-FA17-4794-AD4C-D4FCF0B27D16}.Release|x64.Build.0 = Release|Any CPU
		{E92F28CC-FA17-4794-AD4C-D4FCF0B27D16}.Release|x86.ActiveCfg = Release|Any CPU
		{E92F28CC-FA17-4794-AD4C-D4FCF0B27D16}.Release|x86.Build.0 = Release|Any CPU
	EndGlobalSection
	GlobalSection(SolutionProperties) = preSolution
		HideSolutionNode = FALSE
	EndGlobalSection
EndGlobal
